<?xml version="1.0" encoding="utf-8"?>
<Project ToolsVersion="4.0" xmlns="http://schemas.microsoft.com/developer/msbuild/2003">
  <ItemGroup>
    <Filter Include="Fichiers sources">
      <UniqueIdentifier>{4FC737F1-C7A5-4376-A066-2A32D752A2FF}</UniqueIdentifier>
      <Extensions>cpp;c;cc;cxx;def;odl;idl;hpj;bat;asm;asmx</Extensions>
    </Filter>
    <Filter Include="Fichiers d%27en-tête">
      <UniqueIdentifier>{93995380-89BD-4b04-88EB-625FBE52EBFB}</UniqueIdentifier>
      <Extensions>h;hh;hpp;hxx;hm;inl;inc;xsd</Extensions>
    </Filter>
    <Filter Include="Fichiers de ressources">
      <UniqueIdentifier>{67DA6AB6-F800-4c08-8B7A-83BB121AAD01}</UniqueIdentifier>
      <Extensions>rc;ico;cur;bmp;dlg;rc2;rct;bin;rgs;gif;jpg;jpeg;jpe;resx;tiff;tif;png;wav;mfcribbon-ms</Extensions>
    </Filter>
    <Filter Include="Fichiers d%27en-tête\Utilities">
      <UniqueIdentifier>{19d537c3-22de-4865-afa8-652e313e6206}</UniqueIdentifier>
    </Filter>
    <Filter Include="Fichiers sources\Utilities">
      <UniqueIdentifier>{66599c7b-bb0a-4b16-ad0c-da6be0dd1fc6}</UniqueIdentifier>
    </Filter>
    <Filter Include="Fichiers d%27en-tête\Components">
      <UniqueIdentifier>{6b819103-cc6d-4352-a174-668a3704d994}</UniqueIdentifier>
    </Filter>
    <Filter Include="Fichiers sources\Components">
      <UniqueIdentifier>{0038fbe6-97f2-4ef8-bce4-9c7a2a6eaa4c}</UniqueIdentifier>
    </Filter>
  </ItemGroup>
  <ItemGroup>
    <ClCompile Include="main.cpp">
      <Filter>Fichiers sources</Filter>
    </ClCompile>
    <ClCompile Include="Utilities\asteroidrender.cpp">
      <Filter>Fichiers sources\Utilities</Filter>
    </ClCompile>
    <ClCompile Include="Utilities\vect2ext.cpp">
      <Filter>Fichiers sources\Utilities</Filter>
    </ClCompile>
    <ClCompile Include="Utilities\boolean.cpp">
      <Filter>Fichiers sources\Utilities</Filter>
    </ClCompile>
    <ClCompile Include="Utilities\convexshape.cpp">
      <Filter>Fichiers sources\Utilities</Filter>
    </ClCompile>
    <ClCompile Include="Components\AsteroidComponent.cpp">
      <Filter>Fichiers sources\Components</Filter>
    </ClCompile>
    <ClCompile Include="Utilities\AsteroidBaseInfos.cpp">
      <Filter>Fichiers sources</Filter>
    </ClCompile>
  </ItemGroup>
  <ItemGroup>
    <ClInclude Include="Utilities\asteroidrender.h">
      <Filter>Fichiers d%27en-tête\Utilities</Filter>
    </ClInclude>
    <ClInclude Include="Utilities\vect2ext.h">
      <Filter>Fichiers d%27en-tête\Utilities</Filter>
    </ClInclude>
    <ClInclude Include="Utilities\boolean.h">
      <Filter>Fichiers d%27en-tête\Utilities</Filter>
    </ClInclude>
    <ClInclude Include="Utilities\convexshape.h">
      <Filter>Fichiers d%27en-tête\Utilities</Filter>
    </ClInclude>
    <ClInclude Include="Utilities\Matrix.h">
      <Filter>Fichiers d%27en-tête\Utilities</Filter>
    </ClInclude>
    <ClInclude Include="Components\AsteroidComponent.h">
      <Filter>Fichiers d%27en-tête\Components</Filter>
    </ClInclude>
    <ClInclude Include="Utilities\AsteroidBaseInfos.h">
      <Filter>Fichiers d%27en-tête</Filter>
    </ClInclude>
  </ItemGroup>
</Project>