<?xml version="1.0" encoding="utf-8"?>
<Project ToolsVersion="4.0" xmlns="http://schemas.microsoft.com/developer/msbuild/2003">
  <ItemGroup>
    <Filter Include="Fichiers d%27en-tête">
      <UniqueIdentifier>{93995380-89BD-4b04-88EB-625FBE52EBFB}</UniqueIdentifier>
      <Extensions>h;hh;hpp;hxx;hm;inl;inc;xsd</Extensions>
    </Filter>
    <Filter Include="Fichiers de ressources">
      <UniqueIdentifier>{67DA6AB6-F800-4c08-8B7A-83BB121AAD01}</UniqueIdentifier>
      <Extensions>rc;ico;cur;bmp;dlg;rc2;rct;bin;rgs;gif;jpg;jpeg;jpe;resx;tiff;tif;png;wav;mfcribbon-ms</Extensions>
    </Filter>
    <Filter Include="Fichiers d%27en-tête\States">
      <UniqueIdentifier>{4ab9e6f6-de87-4533-a2e5-dbcf9168f79d}</UniqueIdentifier>
    </Filter>
    <Filter Include="Fichiers d%27en-tête\Components">
      <UniqueIdentifier>{a0803b4a-843e-4a6b-8784-d95119dbf9b9}</UniqueIdentifier>
    </Filter>
    <Filter Include="Fichiers d%27en-tête\Systems">
      <UniqueIdentifier>{dfba6136-f78a-46c5-a295-764f7b746e19}</UniqueIdentifier>
    </Filter>
    <Filter Include="Shader">
      <UniqueIdentifier>{1fda72bf-25b1-4420-8dc2-779211022db3}</UniqueIdentifier>
    </Filter>
    <Filter Include="Shader\Blend">
      <UniqueIdentifier>{0c3d14bb-3427-4662-9e6f-64fc0c65f53d}</UniqueIdentifier>
    </Filter>
    <Filter Include="Fichiers d%27en-tête\Animation">
      <UniqueIdentifier>{a206c8fe-ed58-4c6c-a0f7-e6f262f46159}</UniqueIdentifier>
    </Filter>
    <Filter Include="Fichiers d%27en-tête\Utilities">
      <UniqueIdentifier>{91fcda2e-7d06-4010-9738-296a748fb962}</UniqueIdentifier>
    </Filter>
    <Filter Include="Fichiers sources">
      <UniqueIdentifier>{4FC737F1-C7A5-4376-A066-2A32D752A2FF}</UniqueIdentifier>
      <Extensions>cpp;c;cc;cxx;def;odl;idl;hpj;bat;asm;asmx</Extensions>
    </Filter>
    <Filter Include="Fichiers sources\States">
      <UniqueIdentifier>{35f7e284-2a68-4f1d-b1c4-3164ac721373}</UniqueIdentifier>
    </Filter>
    <Filter Include="Fichiers sources\Components">
      <UniqueIdentifier>{756d8fc2-84fd-41d7-95a6-2559f89c696a}</UniqueIdentifier>
    </Filter>
    <Filter Include="Fichiers sources\Systems">
      <UniqueIdentifier>{291d64d9-acd4-422e-9caa-65a4ae01b5e5}</UniqueIdentifier>
    </Filter>
    <Filter Include="Fichiers sources\Animation">
      <UniqueIdentifier>{4184d335-668c-4c07-bb29-cf8270c21660}</UniqueIdentifier>
    </Filter>
    <Filter Include="Fichiers sources\Utilities">
      <UniqueIdentifier>{a72a8ac0-4c3e-4110-a993-bae13ed646e0}</UniqueIdentifier>
    </Filter>
  </ItemGroup>
  <ItemGroup>
    <ClCompile Include="main.cpp">
      <Filter>Fichiers sources</Filter>
    </ClCompile>
    <ClCompile Include="Animation2D/Animation2D.cpp">
      <Filter>Fichiers sources\Animation</Filter>
    </ClCompile>
    <ClCompile Include="Components/Animation2DComponent.cpp">
      <Filter>Fichiers sources\Components</Filter>
    </ClCompile>
    <ClCompile Include="Systems/Animation2DSystem.cpp">
      <Filter>Fichiers sources\Systems</Filter>
    </ClCompile>
    <ClCompile Include="Components/AsteroidComponent.cpp">
      <Filter>Fichiers sources\Components</Filter>
    </ClCompile>
    <ClCompile Include="Utilities/AsteroidCreator.cpp">
      <Filter>Fichiers sources\Utilities</Filter>
    </ClCompile>
    <ClCompile Include="Components/FollowEntityComponent.cpp">
      <Filter>Fichiers sources\Components</Filter>
    </ClCompile>
    <ClCompile Include="Systems/FollowEntitySystem.cpp">
      <Filter>Fichiers sources\Systems</Filter>
    </ClCompile>
    <ClCompile Include="States/GameState.cpp">
      <Filter>Fichiers sources\States</Filter>
    </ClCompile>
    <ClCompile Include="Utilities/OreType.cpp">
      <Filter>Fichiers sources\Utilities</Filter>
    </ClCompile>
    <ClCompile Include="Components/ShipControlerComponent.cpp">
      <Filter>Fichiers sources\Components</Filter>
    </ClCompile>
    <ClCompile Include="Systems/ShipControlerSystem.cpp">
      <Filter>Fichiers sources\Systems</Filter>
    </ClCompile>
    <ClCompile Include="Animation2D\Animation2DState.cpp">
      <Filter>Fichiers sources\Animation</Filter>
    </ClCompile>
    <ClCompile Include="Animation2D\Animation2DTransition.cpp">
      <Filter>Fichiers sources\Animation</Filter>
    </ClCompile>
    <ClCompile Include="Animation2D\Conditions.cpp">
      <Filter>Fichiers sources\Animation</Filter>
    </ClCompile>
    <ClCompile Include="Animation2D\PropertiesHolder.cpp">
      <Filter>Fichiers sources\Animation</Filter>
    </ClCompile>
    <ClCompile Include="Animation2D\Animator2D.cpp">
      <Filter>Fichiers sources\Animation</Filter>
    </ClCompile>
    <ClCompile Include="Components\Animator2DComponent.cpp">
      <Filter>Fichiers sources\Components</Filter>
    </ClCompile>
  </ItemGroup>
  <ItemGroup>
    <ClInclude Include="Animation2D/Animation2D.h">
      <Filter>Fichiers d%27en-tête\Animation</Filter>
    </ClInclude>
    <ClInclude Include="Components/Animation2DComponent.h">
      <Filter>Fichiers d%27en-tête\Components</Filter>
    </ClInclude>
    <ClInclude Include="Systems/Animation2DSystem.h">
      <Filter>Fichiers d%27en-tête\Systems</Filter>
    </ClInclude>
    <ClInclude Include="Components/AsteroidComponent.h">
      <Filter>Fichiers d%27en-tête\Components</Filter>
    </ClInclude>
    <ClInclude Include="Utilities/AsteroidCreator.h">
      <Filter>Fichiers d%27en-tête\Utilities</Filter>
    </ClInclude>
    <ClInclude Include="Utilities/Env.h">
      <Filter>Fichiers d%27en-tête\Utilities</Filter>
    </ClInclude>
    <ClInclude Include="Components/FollowEntityComponent.h">
      <Filter>Fichiers d%27en-tête\Components</Filter>
    </ClInclude>
    <ClInclude Include="Systems/FollowEntitySystem.h">
      <Filter>Fichiers d%27en-tête\Systems</Filter>
    </ClInclude>
    <ClInclude Include="States/GameState.h">
      <Filter>Fichiers d%27en-tête\States</Filter>
    </ClInclude>
    <ClInclude Include="Utilities/OreType.h">
      <Filter>Fichiers d%27en-tête\Utilities</Filter>
    </ClInclude>
    <ClInclude Include="Components/ShipControlerComponent.h">
      <Filter>Fichiers d%27en-tête\Components</Filter>
    </ClInclude>
    <ClInclude Include="Systems/ShipControlerSystem.h">
      <Filter>Fichiers d%27en-tête\Systems</Filter>
    </ClInclude>
    <ClInclude Include="Utilities/Utilities.h">
      <Filter>Fichiers d%27en-tête\Utilities</Filter>
    </ClInclude>
    <ClInclude Include="Animation2D\Animation2DState.h">
      <Filter>Fichiers d%27en-tête\Animation</Filter>
    </ClInclude>
    <ClInclude Include="Animation2D\Animation2DTransition.h">
      <Filter>Fichiers d%27en-tête\Animation</Filter>
    </ClInclude>
    <ClInclude Include="Animation2D\Animation2DEnv.h">
      <Filter>Fichiers d%27en-tête\Animation</Filter>
    </ClInclude>
    <ClInclude Include="Animation2D\Conditions.h">
      <Filter>Fichiers d%27en-tête\Animation</Filter>
    </ClInclude>
    <ClInclude Include="Animation2D\PropertiesHolder.h">
      <Filter>Fichiers d%27en-tête\Animation</Filter>
    </ClInclude>
    <ClInclude Include="Animation2D\Animator2D.h">
      <Filter>Fichiers d%27en-tête\Animation</Filter>
    </ClInclude>
    <ClInclude Include="Components\Animator2DComponent.h">
      <Filter>Fichiers d%27en-tête\Components</Filter>
    </ClInclude>
  </ItemGroup>
  <ItemGroup>
    <None Include="Animation2D/Animation2D.inl">
      <Filter>Fichiers d%27en-tête\Animation</Filter>
    </None>
    <None Include="Shader/Blend/blend.frag">
      <Filter>Shader\Blend</Filter>
    </None>
    <None Include="Shader/Blend/blend.vert">
      <Filter>Shader\Blend</Filter>
    </None>
  </ItemGroup>
</Project>